{
  "name": "@prebuilder/lib",
  "version": "1.6.10",
  "lockfileVersion": 2,
  "requires": true,
  "packages": {
    "": {
      "name": "@prebuilder/lib",
      "version": "1.6.10",
      "license": "MIT",
      "devDependencies": {
        "@prebuilder/rollup-plugin": "^1.4.3",
        "rollup": "^3.0.0"
      }
    },
    "node_modules/@prebuilder/lib": {
      "version": "1.6.10",
      "resolved": "https://registry.npmjs.org/@prebuilder/lib/-/lib-1.6.10.tgz",
      "integrity": "sha512-8n8eRhuuh6RdoZcR3bSK5pQfLIPluBKBtccBIgtFU0cDEdbdqG1LGgqRorWVSOuWQY9jAN515dIp7J8UZ3bHAQ==",
      "dev": true
    },
    "node_modules/@prebuilder/rollup-plugin": {
      "version": "1.4.3",
      "resolved": "https://registry.npmjs.org/@prebuilder/rollup-plugin/-/rollup-plugin-1.4.3.tgz",
      "integrity": "sha512-/Ze6yNorNjki0+PV+5jyWf/44AzomdRmm2TwIza/PWVG7umOgoVnu0d6ghbjBIvT6Veqx8W8tSpPIUN+FPusPg==",
      "dev": true,
      "dependencies": {
        "@prebuilder/lib": "^1.6.10"
      }
    },
    "node_modules/fsevents": {
      "version": "2.3.2",
      "resolved": "https://registry.npmjs.org/fsevents/-/fsevents-2.3.2.tgz",
      "integrity": "sha512-xiqMQR4xAeHTuB9uWm+fFRcIOgKBMiOBP+eXiyT7jsgVCq1bkVygt00oASowB7EdtpOHaaPgKt812P9ab+DDKA==",
      "dev": true,
      "hasInstallScript": true,
      "optional": true,
      "os": [
        "darwin"
      ],
      "engines": {
        "node": "^8.16.0 || ^10.6.0 || >=11.0.0"
      }
    },
    "node_modules/rollup": {
      "version": "3.0.0",
      "resolved": "https://registry.npmjs.org/rollup/-/rollup-3.0.0.tgz",
      "integrity": "sha512-iVomS2lySi4BM2QJb7lGZBjSndUEs6Ip+VDl25jcbM99VI5vWeEitvUSiNQkQkwqEiI4515m5shjyuwPcXS5Dg==",
      "dev": true,
      "bin": {
        "rollup": "dist/bin/rollup"
      },
      "engines": {
        "node": ">=14.18.0",
        "npm": ">=8.0.0"
      },
      "optionalDependencies": {
        "fsevents": "~2.3.2"
      }
    }
  },
  "dependencies": {
    "@prebuilder/lib": {
      "version": "1.6.10",
      "resolved": "https://registry.npmjs.org/@prebuilder/lib/-/lib-1.6.10.tgz",
      "integrity": "sha512-8n8eRhuuh6RdoZcR3bSK5pQfLIPluBKBtccBIgtFU0cDEdbdqG1LGgqRorWVSOuWQY9jAN515dIp7J8UZ3bHAQ==",
      "dev": true
    },
    "@prebuilder/rollup-plugin": {
      "version": "1.4.3",
      "resolved": "https://registry.npmjs.org/@prebuilder/rollup-plugin/-/rollup-plugin-1.4.3.tgz",
      "integrity": "sha512-/Ze6yNorNjki0+PV+5jyWf/44AzomdRmm2TwIza/PWVG7umOgoVnu0d6ghbjBIvT6Veqx8W8tSpPIUN+FPusPg==",
      "dev": true,
      "requires": {
        "@prebuilder/lib": "^1.6.10"
      }
    },
    "fsevents": {
      "version": "2.3.2",
      "resolved": "https://registry.npmjs.org/fsevents/-/fsevents-2.3.2.tgz",
      "integrity": "sha512-xiqMQR4xAeHTuB9uWm+fFRcIOgKBMiOBP+eXiyT7jsgVCq1bkVygt00oASowB7EdtpOHaaPgKt812P9ab+DDKA==",
      "dev": true,
      "optional": true
    },
    "rollup": {
      "version": "3.0.0",
      "resolved": "https://registry.npmjs.org/rollup/-/rollup-3.0.0.tgz",
      "integrity": "sha512-iVomS2lySi4BM2QJb7lGZBjSndUEs6Ip+VDl25jcbM99VI5vWeEitvUSiNQkQkwqEiI4515m5shjyuwPcXS5Dg==",
      "dev": true,
      "requires": {
        "fsevents": "~2.3.2"
      }
    }
  }
}
